
Microsoft Visual Studio Solution File, Format Version 12.00
# Visual Studio Version 17
VisualStudioVersion = 17.9.34728.123
MinimumVisualStudioVersion = 10.0.40219.1
Project("{FAE04EC0-301F-11D3-BF4B-00C04F79EFBC}") = "CRUDOps.Web", "CRUDOps.Web\CRUDOps.Web.csproj", "{3CF5804F-1E29-4538-8A59-22C04D3888DA}"
EndProject
Global
	GlobalSection(SolutionConfigurationPlatforms) = preSolution
		Debug|Any CPU = Debug|Any CPU
		Release|Any CPU = Release|Any CPU
	EndGlobalSection
	GlobalSection(ProjectConfigurationPlatforms) = postSolution
		{3CF5804F-1E29-4538-8A59-22C04D3888DA}.Debug|Any CPU.ActiveCfg = Debug|Any CPU
		{3CF5804F-1E29-4538-8A59-22C04D3888DA}.Debug|Any CPU.Build.0 = Debug|Any CPU
		{3CF5804F-1E29-4538-8A59-22C04D3888DA}.Release|Any CPU.ActiveCfg = Release|Any CPU
		{3CF5804F-1E29-4538-8A59-22C04D3888DA}.Release|Any CPU.Build.0 = Release|Any CPU
	EndGlobalSection
	GlobalSection(SolutionProperties) = preSolution
		HideSolutionNode = FALSE
	EndGlobalSection
	GlobalSection(ExtensibilityGlobals) = postSolution
		SolutionGuid = {379A835B-5A3A-4EFE-81CD-81236D442EA3}
	EndGlobalSection
EndGlobal
